// !$*UTF8*$!
{
	archiveVersion = 1;
	classes = {
	};
	objectVersion = 77;
	objects = {

/* Begin PBXBuildFile section */
		410500257AD608CD3EA4011D /* Pods_TheMoviesTests.framework in Frameworks */ = {isa = PBXBuildFile; fileRef = E44A0DDCD4E6E3166602242B /* Pods_TheMoviesTests.framework */; };
		7E30E11D08A38B7D941971CD /* Pods_TheMovies.framework in Frameworks */ = {isa = PBXBuildFile; fileRef = 9A6BD815AB874595472DADB5 /* Pods_TheMovies.framework */; };
		A015671E480A409599384731 /* Pods_TheMovies_TheMoviesUITests.framework in Frameworks */ = {isa = PBXBuildFile; fileRef = 05DB07EA319B13B0C3EC3569 /* Pods_TheMovies_TheMoviesUITests.framework */; };
/* End PBXBuildFile section */

/* Begin PBXContainerItemProxy section */
		36EFCD342D887DDB00767BBE /* PBXContainerItemProxy */ = {
			isa = PBXContainerItemProxy;
			containerPortal = 36EFCD152D887DD900767BBE /* Project object */;
			proxyType = 1;
			remoteGlobalIDString = 36EFCD1C2D887DD900767BBE;
			remoteInfo = TheMovies;
		};
		36EFCD3E2D887DDB00767BBE /* PBXContainerItemProxy */ = {
			isa = PBXContainerItemProxy;
			containerPortal = 36EFCD152D887DD900767BBE /* Project object */;
			proxyType = 1;
			remoteGlobalIDString = 36EFCD1C2D887DD900767BBE;
			remoteInfo = TheMovies;
		};
/* End PBXContainerItemProxy section */

/* Begin PBXFileReference section */
		05DB07EA319B13B0C3EC3569 /* Pods_TheMovies_TheMoviesUITests.framework */ = {isa = PBXFileReference; explicitFileType = wrapper.framework; includeInIndex = 0; path = Pods_TheMovies_TheMoviesUITests.framework; sourceTree = BUILT_PRODUCTS_DIR; };
		212540BB4352E534DBF8047F /* Pods-TheMovies-TheMoviesUITests.debug.xcconfig */ = {isa = PBXFileReference; includeInIndex = 1; lastKnownFileType = text.xcconfig; name = "Pods-TheMovies-TheMoviesUITests.debug.xcconfig"; path = "Target Support Files/Pods-TheMovies-TheMoviesUITests/Pods-TheMovies-TheMoviesUITests.debug.xcconfig"; sourceTree = "<group>"; };
		2751D4AA9EABE9F11E8AA4CD /* Pods-TheMovies-TheMoviesUITests.release.xcconfig */ = {isa = PBXFileReference; includeInIndex = 1; lastKnownFileType = text.xcconfig; name = "Pods-TheMovies-TheMoviesUITests.release.xcconfig"; path = "Target Support Files/Pods-TheMovies-TheMoviesUITests/Pods-TheMovies-TheMoviesUITests.release.xcconfig"; sourceTree = "<group>"; };
		36EFCD1D2D887DD900767BBE /* TheMovies.app */ = {isa = PBXFileReference; explicitFileType = wrapper.application; includeInIndex = 0; path = TheMovies.app; sourceTree = BUILT_PRODUCTS_DIR; };
		36EFCD332D887DDB00767BBE /* TheMoviesTests.xctest */ = {isa = PBXFileReference; explicitFileType = wrapper.cfbundle; includeInIndex = 0; path = TheMoviesTests.xctest; sourceTree = BUILT_PRODUCTS_DIR; };
		36EFCD3D2D887DDB00767BBE /* TheMoviesUITests.xctest */ = {isa = PBXFileReference; explicitFileType = wrapper.cfbundle; includeInIndex = 0; path = TheMoviesUITests.xctest; sourceTree = BUILT_PRODUCTS_DIR; };
		399506820B9F1CA6F59FB403 /* Pods-TheMovies.debug.xcconfig */ = {isa = PBXFileReference; includeInIndex = 1; lastKnownFileType = text.xcconfig; name = "Pods-TheMovies.debug.xcconfig"; path = "Target Support Files/Pods-TheMovies/Pods-TheMovies.debug.xcconfig"; sourceTree = "<group>"; };
		4B28A32BEDF1D20640A37047 /* Pods-TheMoviesTests.release.xcconfig */ = {isa = PBXFileReference; includeInIndex = 1; lastKnownFileType = text.xcconfig; name = "Pods-TheMoviesTests.release.xcconfig"; path = "Target Support Files/Pods-TheMoviesTests/Pods-TheMoviesTests.release.xcconfig"; sourceTree = "<group>"; };
		69B0DC5AF653470D19D97DF2 /* Pods-TheMoviesTests.debug.xcconfig */ = {isa = PBXFileReference; includeInIndex = 1; lastKnownFileType = text.xcconfig; name = "Pods-TheMoviesTests.debug.xcconfig"; path = "Target Support Files/Pods-TheMoviesTests/Pods-TheMoviesTests.debug.xcconfig"; sourceTree = "<group>"; };
		9A6BD815AB874595472DADB5 /* Pods_TheMovies.framework */ = {isa = PBXFileReference; explicitFileType = wrapper.framework; includeInIndex = 0; path = Pods_TheMovies.framework; sourceTree = BUILT_PRODUCTS_DIR; };
		AAD4F375B1CB23286CF56820 /* Pods-TheMovies.release.xcconfig */ = {isa = PBXFileReference; includeInIndex = 1; lastKnownFileType = text.xcconfig; name = "Pods-TheMovies.release.xcconfig"; path = "Target Support Files/Pods-TheMovies/Pods-TheMovies.release.xcconfig"; sourceTree = "<group>"; };
		E44A0DDCD4E6E3166602242B /* Pods_TheMoviesTests.framework */ = {isa = PBXFileReference; explicitFileType = wrapper.framework; includeInIndex = 0; path = Pods_TheMoviesTests.framework; sourceTree = BUILT_PRODUCTS_DIR; };
/* End PBXFileReference section */

/* Begin PBXFileSystemSynchronizedBuildFileExceptionSet section */
		36EFCD732D887DEA00767BBE /* Exceptions for "TheMovies" folder in "TheMovies" target */ = {
			isa = PBXFileSystemSynchronizedBuildFileExceptionSet;
			membershipExceptions = (
				Resources/Info.plist,
			);
			target = 36EFCD1C2D887DD900767BBE /* TheMovies */;
		};
/* End PBXFileSystemSynchronizedBuildFileExceptionSet section */

/* Begin PBXFileSystemSynchronizedRootGroup section */
		36EFCD362D887DDB00767BBE /* TheMoviesTests */ = {
			isa = PBXFileSystemSynchronizedRootGroup;
			exceptions = (
			);
			path = TheMoviesTests;
			sourceTree = "<group>";
		};
		36EFCD402D887DDB00767BBE /* TheMoviesUITests */ = {
			isa = PBXFileSystemSynchronizedRootGroup;
			exceptions = (
			);
			path = TheMoviesUITests;
			sourceTree = "<group>";
		};
		36EFCD6C2D887DEA00767BBE /* TheMovies */ = {
			isa = PBXFileSystemSynchronizedRootGroup;
			exceptions = (
				36EFCD732D887DEA00767BBE /* Exceptions for "TheMovies" folder in "TheMovies" target */,
			);
			path = TheMovies;
			sourceTree = "<group>";
		};
/* End PBXFileSystemSynchronizedRootGroup section */

/* Begin PBXFrameworksBuildPhase section */
		36EFCD1A2D887DD900767BBE /* Frameworks */ = {
			isa = PBXFrameworksBuildPhase;
			buildActionMask = 2147483647;
			files = (
				7E30E11D08A38B7D941971CD /* Pods_TheMovies.framework in Frameworks */,
			);
			runOnlyForDeploymentPostprocessing = 0;
		};
		36EFCD302D887DDB00767BBE /* Frameworks */ = {
			isa = PBXFrameworksBuildPhase;
			buildActionMask = 2147483647;
			files = (
				410500257AD608CD3EA4011D /* Pods_TheMoviesTests.framework in Frameworks */,
			);
			runOnlyForDeploymentPostprocessing = 0;
		};
		36EFCD3A2D887DDB00767BBE /* Frameworks */ = {
			isa = PBXFrameworksBuildPhase;
			buildActionMask = 2147483647;
			files = (
				A015671E480A409599384731 /* Pods_TheMovies_TheMoviesUITests.framework in Frameworks */,
			);
			runOnlyForDeploymentPostprocessing = 0;
		};
/* End PBXFrameworksBuildPhase section */

/* Begin PBXGroup section */
		36EFCD142D887DD900767BBE = {
			isa = PBXGroup;
			children = (
				36EFCD6C2D887DEA00767BBE /* TheMovies */,
				36EFCD362D887DDB00767BBE /* TheMoviesTests */,
				36EFCD402D887DDB00767BBE /* TheMoviesUITests */,
				36EFCD1E2D887DD900767BBE /* Products */,
				6A17C3034F8ED913909309F5 /* Pods */,
				7BF684BE0E57EB3F59946F38 /* Frameworks */,
			);
			sourceTree = "<group>";
		};
		36EFCD1E2D887DD900767BBE /* Products */ = {
			isa = PBXGroup;
			children = (
				36EFCD1D2D887DD900767BBE /* TheMovies.app */,
				36EFCD332D887DDB00767BBE /* TheMoviesTests.xctest */,
				36EFCD3D2D887DDB00767BBE /* TheMoviesUITests.xctest */,
			);
			name = Products;
			sourceTree = "<group>";
		};
		6A17C3034F8ED913909309F5 /* Pods */ = {
			isa = PBXGroup;
			children = (
				399506820B9F1CA6F59FB403 /* Pods-TheMovies.debug.xcconfig */,
				AAD4F375B1CB23286CF56820 /* Pods-TheMovies.release.xcconfig */,
				212540BB4352E534DBF8047F /* Pods-TheMovies-TheMoviesUITests.debug.xcconfig */,
				2751D4AA9EABE9F11E8AA4CD /* Pods-TheMovies-TheMoviesUITests.release.xcconfig */,
				69B0DC5AF653470D19D97DF2 /* Pods-TheMoviesTests.debug.xcconfig */,
				4B28A32BEDF1D20640A37047 /* Pods-TheMoviesTests.release.xcconfig */,
			);
			name = Pods;
			path = Pods;
			sourceTree = "<group>";
		};
		7BF684BE0E57EB3F59946F38 /* Frameworks */ = {
			isa = PBXGroup;
			children = (
				9A6BD815AB874595472DADB5 /* Pods_TheMovies.framework */,
				05DB07EA319B13B0C3EC3569 /* Pods_TheMovies_TheMoviesUITests.framework */,
				E44A0DDCD4E6E3166602242B /* Pods_TheMoviesTests.framework */,
			);
			name = Frameworks;
			sourceTree = "<group>";
		};
/* End PBXGroup section */

/* Begin PBXNativeTarget section */
		36EFCD1C2D887DD900767BBE /* TheMovies */ = {
			isa = PBXNativeTarget;
			buildConfigurationList = 36EFCD462D887DDB00767BBE /* Build configuration list for PBXNativeTarget "TheMovies" */;
			buildPhases = (
				6AF1C9F4428DBDD9F0AD51B2 /* [CP] Check Pods Manifest.lock */,
				36EFCD192D887DD900767BBE /* Sources */,
				36EFCD1A2D887DD900767BBE /* Frameworks */,
				36EFCD1B2D887DD900767BBE /* Resources */,
				D4E796BC2CFC464CC3ECEF6A /* [CP] Embed Pods Frameworks */,
			);
			buildRules = (
			);
			dependencies = (
			);
			fileSystemSynchronizedGroups = (
				36EFCD6C2D887DEA00767BBE /* TheMovies */,
			);
			name = TheMovies;
			productName = TheMovies;
			productReference = 36EFCD1D2D887DD900767BBE /* TheMovies.app */;
			productType = "com.apple.product-type.application";
		};
		36EFCD322D887DDB00767BBE /* TheMoviesTests */ = {
			isa = PBXNativeTarget;
			buildConfigurationList = 36EFCD4B2D887DDB00767BBE /* Build configuration list for PBXNativeTarget "TheMoviesTests" */;
			buildPhases = (
				BE5375FC1F8CEDB0AC2FF1C4 /* [CP] Check Pods Manifest.lock */,
				36EFCD2F2D887DDB00767BBE /* Sources */,
				36EFCD302D887DDB00767BBE /* Frameworks */,
				36EFCD312D887DDB00767BBE /* Resources */,
			);
			buildRules = (
			);
			dependencies = (
				36EFCD352D887DDB00767BBE /* PBXTargetDependency */,
			);
			fileSystemSynchronizedGroups = (
				36EFCD362D887DDB00767BBE /* TheMoviesTests */,
			);
			name = TheMoviesTests;
			productName = TheMoviesTests;
			productReference = 36EFCD332D887DDB00767BBE /* TheMoviesTests.xctest */;
			productType = "com.apple.product-type.bundle.unit-test";
		};
		36EFCD3C2D887DDB00767BBE /* TheMoviesUITests */ = {
			isa = PBXNativeTarget;
			buildConfigurationList = 36EFCD4E2D887DDB00767BBE /* Build configuration list for PBXNativeTarget "TheMoviesUITests" */;
			buildPhases = (
				E34117F101CF2106E529C868 /* [CP] Check Pods Manifest.lock */,
				36EFCD392D887DDB00767BBE /* Sources */,
				36EFCD3A2D887DDB00767BBE /* Frameworks */,
				36EFCD3B2D887DDB00767BBE /* Resources */,
				1E5C4C05B2958F03E7CABD22 /* [CP] Embed Pods Frameworks */,
			);
			buildRules = (
			);
			dependencies = (
				36EFCD3F2D887DDB00767BBE /* PBXTargetDependency */,
			);
			fileSystemSynchronizedGroups = (
				36EFCD402D887DDB00767BBE /* TheMoviesUITests */,
			);
			name = TheMoviesUITests;
			productName = TheMoviesUITests;
			productReference = 36EFCD3D2D887DDB00767BBE /* TheMoviesUITests.xctest */;
			productType = "com.apple.product-type.bundle.ui-testing";
		};
/* End PBXNativeTarget section */

/* Begin PBXProject section */
		36EFCD152D887DD900767BBE /* Project object */ = {
			isa = PBXProject;
			attributes = {
				BuildIndependentTargetsInParallel = 1;
				LastSwiftUpdateCheck = 1620;
				LastUpgradeCheck = 1620;
				TargetAttributes = {
					36EFCD1C2D887DD900767BBE = {
						CreatedOnToolsVersion = 16.2;
					};
					36EFCD322D887DDB00767BBE = {
						CreatedOnToolsVersion = 16.2;
						TestTargetID = 36EFCD1C2D887DD900767BBE;
					};
					36EFCD3C2D887DDB00767BBE = {
						CreatedOnToolsVersion = 16.2;
						TestTargetID = 36EFCD1C2D887DD900767BBE;
					};
				};
			};
			buildConfigurationList = 36EFCD182D887DD900767BBE /* Build configuration list for PBXProject "TheMovies" */;
			developmentRegion = en;
			hasScannedForEncodings = 0;
			knownRegions = (
				en,
				Base,
			);
			mainGroup = 36EFCD142D887DD900767BBE;
			minimizedProjectReferenceProxies = 1;
			preferredProjectObjectVersion = 77;
			productRefGroup = 36EFCD1E2D887DD900767BBE /* Products */;
			projectDirPath = "";
			projectRoot = "";
			targets = (
				36EFCD1C2D887DD900767BBE /* TheMovies */,
				36EFCD322D887DDB00767BBE /* TheMoviesTests */,
				36EFCD3C2D887DDB00767BBE /* TheMoviesUITests */,
			);
		};
/* End PBXProject section */

/* Begin PBXResourcesBuildPhase section */
		36EFCD1B2D887DD900767BBE /* Resources */ = {
			isa = PBXResourcesBuildPhase;
			buildActionMask = 2147483647;
			files = (
			);
			runOnlyForDeploymentPostprocessing = 0;
		};
		36EFCD312D887DDB00767BBE /* Resources */ = {
			isa = PBXResourcesBuildPhase;
			buildActionMask = 2147483647;
			files = (
			);
			runOnlyForDeploymentPostprocessing = 0;
		};
		36EFCD3B2D887DDB00767BBE /* Resources */ = {
			isa = PBXResourcesBuildPhase;
			buildActionMask = 2147483647;
			files = (
			);
			runOnlyForDeploymentPostprocessing = 0;
		};
/* End PBXResourcesBuildPhase section */

/* Begin PBXShellScriptBuildPhase section */
		1E5C4C05B2958F03E7CABD22 /* [CP] Embed Pods Frameworks */ = {
			isa = PBXShellScriptBuildPhase;
			buildActionMask = 2147483647;
			files = (
			);
			inputFileListPaths = (
				"${PODS_ROOT}/Target Support Files/Pods-TheMovies-TheMoviesUITests/Pods-TheMovies-TheMoviesUITests-frameworks-${CONFIGURATION}-input-files.xcfilelist",
			);
			name = "[CP] Embed Pods Frameworks";
			outputFileListPaths = (
				"${PODS_ROOT}/Target Support Files/Pods-TheMovies-TheMoviesUITests/Pods-TheMovies-TheMoviesUITests-frameworks-${CONFIGURATION}-output-files.xcfilelist",
			);
			runOnlyForDeploymentPostprocessing = 0;
			shellPath = /bin/sh;
			shellScript = "\"${PODS_ROOT}/Target Support Files/Pods-TheMovies-TheMoviesUITests/Pods-TheMovies-TheMoviesUITests-frameworks.sh\"\n";
			showEnvVarsInLog = 0;
		};
		6AF1C9F4428DBDD9F0AD51B2 /* [CP] Check Pods Manifest.lock */ = {
			isa = PBXShellScriptBuildPhase;
			buildActionMask = 2147483647;
			files = (
			);
			inputFileListPaths = (
			);
			inputPaths = (
				"${PODS_PODFILE_DIR_PATH}/Podfile.lock",
				"${PODS_ROOT}/Manifest.lock",
			);
			name = "[CP] Check Pods Manifest.lock";
			outputFileListPaths = (
			);
			outputPaths = (
				"$(DERIVED_FILE_DIR)/Pods-TheMovies-checkManifestLockResult.txt",
			);
			runOnlyForDeploymentPostprocessing = 0;
			shellPath = /bin/sh;
			shellScript = "diff \"${PODS_PODFILE_DIR_PATH}/Podfile.lock\" \"${PODS_ROOT}/Manifest.lock\" > /dev/null\nif [ $? != 0 ] ; then\n    # print error to STDERR\n    echo \"error: The sandbox is not in sync with the Podfile.lock. Run 'pod install' or update your CocoaPods installation.\" >&2\n    exit 1\nfi\n# This output is used by Xcode 'outputs' to avoid re-running this script phase.\necho \"SUCCESS\" > \"${SCRIPT_OUTPUT_FILE_0}\"\n";
			showEnvVarsInLog = 0;
		};
		BE5375FC1F8CEDB0AC2FF1C4 /* [CP] Check Pods Manifest.lock */ = {
			isa = PBXShellScriptBuildPhase;
			buildActionMask = 2147483647;
			files = (
			);
			inputFileListPaths = (
			);
			inputPaths = (
				"${PODS_PODFILE_DIR_PATH}/Podfile.lock",
				"${PODS_ROOT}/Manifest.lock",
			);
			name = "[CP] Check Pods Manifest.lock";
			outputFileListPaths = (
			);
			outputPaths = (
				"$(DERIVED_FILE_DIR)/Pods-TheMoviesTests-checkManifestLockResult.txt",
			);
			runOnlyForDeploymentPostprocessing = 0;
			shellPath = /bin/sh;
			shellScript = "diff \"${PODS_PODFILE_DIR_PATH}/Podfile.lock\" \"${PODS_ROOT}/Manifest.lock\" > /dev/null\nif [ $? != 0 ] ; then\n    # print error to STDERR\n    echo \"error: The sandbox is not in sync with the Podfile.lock. Run 'pod install' or update your CocoaPods installation.\" >&2\n    exit 1\nfi\n# This output is used by Xcode 'outputs' to avoid re-running this script phase.\necho \"SUCCESS\" > \"${SCRIPT_OUTPUT_FILE_0}\"\n";
			showEnvVarsInLog = 0;
		};
		D4E796BC2CFC464CC3ECEF6A /* [CP] Embed Pods Frameworks */ = {
			isa = PBXShellScriptBuildPhase;
			buildActionMask = 2147483647;
			files = (
			);
			inputFileListPaths = (
				"${PODS_ROOT}/Target Support Files/Pods-TheMovies/Pods-TheMovies-frameworks-${CONFIGURATION}-input-files.xcfilelist",
			);
			name = "[CP] Embed Pods Frameworks";
			outputFileListPaths = (
				"${PODS_ROOT}/Target Support Files/Pods-TheMovies/Pods-TheMovies-frameworks-${CONFIGURATION}-output-files.xcfilelist",
			);
			runOnlyForDeploymentPostprocessing = 0;
			shellPath = /bin/sh;
			shellScript = "\"${PODS_ROOT}/Target Support Files/Pods-TheMovies/Pods-TheMovies-frameworks.sh\"\n";
			showEnvVarsInLog = 0;
		};
		E34117F101CF2106E529C868 /* [CP] Check Pods Manifest.lock */ = {
			isa = PBXShellScriptBuildPhase;
			buildActionMask = 2147483647;
			files = (
			);
			inputFileListPaths = (
			);
			inputPaths = (
				"${PODS_PODFILE_DIR_PATH}/Podfile.lock",
				"${PODS_ROOT}/Manifest.lock",
			);
			name = "[CP] Check Pods Manifest.lock";
			outputFileListPaths = (
			);
			outputPaths = (
				"$(DERIVED_FILE_DIR)/Pods-TheMovies-TheMoviesUITests-checkManifestLockResult.txt",
			);
			runOnlyForDeploymentPostprocessing = 0;
			shellPath = /bin/sh;
			shellScript = "diff \"${PODS_PODFILE_DIR_PATH}/Podfile.lock\" \"${PODS_ROOT}/Manifest.lock\" > /dev/null\nif [ $? != 0 ] ; then\n    # print error to STDERR\n    echo \"error: The sandbox is not in sync with the Podfile.lock. Run 'pod install' or update your CocoaPods installation.\" >&2\n    exit 1\nfi\n# This output is used by Xcode 'outputs' to avoid re-running this script phase.\necho \"SUCCESS\" > \"${SCRIPT_OUTPUT_FILE_0}\"\n";
			showEnvVarsInLog = 0;
		};
/* End PBXShellScriptBuildPhase section */

/* Begin PBXSourcesBuildPhase section */
		36EFCD192D887DD900767BBE /* Sources */ = {
			isa = PBXSourcesBuildPhase;
			buildActionMask = 2147483647;
			files = (
			);
			runOnlyForDeploymentPostprocessing = 0;
		};
		36EFCD2F2D887DDB00767BBE /* Sources */ = {
			isa = PBXSourcesBuildPhase;
			buildActionMask = 2147483647;
			files = (
			);
			runOnlyForDeploymentPostprocessing = 0;
		};
		36EFCD392D887DDB00767BBE /* Sources */ = {
			isa = PBXSourcesBuildPhase;
			buildActionMask = 2147483647;
			files = (
			);
			runOnlyForDeploymentPostprocessing = 0;
		};
/* End PBXSourcesBuildPhase section */

/* Begin PBXTargetDependency section */
		36EFCD352D887DDB00767BBE /* PBXTargetDependency */ = {
			isa = PBXTargetDependency;
			target = 36EFCD1C2D887DD900767BBE /* TheMovies */;
			targetProxy = 36EFCD342D887DDB00767BBE /* PBXContainerItemProxy */;
		};
		36EFCD3F2D887DDB00767BBE /* PBXTargetDependency */ = {
			isa = PBXTargetDependency;
			target = 36EFCD1C2D887DD900767BBE /* TheMovies */;
			targetProxy = 36EFCD3E2D887DDB00767BBE /* PBXContainerItemProxy */;
		};
/* End PBXTargetDependency section */

/* Begin XCBuildConfiguration section */
		36EFCD472D887DDB00767BBE /* Debug */ = {
			isa = XCBuildConfiguration;
			baseConfigurationReference = 399506820B9F1CA6F59FB403 /* Pods-TheMovies.debug.xcconfig */;
			buildSettings = {
				ASSETCATALOG_COMPILER_APPICON_NAME = AppIcon;
				ASSETCATALOG_COMPILER_GLOBAL_ACCENT_COLOR_NAME = AccentColor;
				CODE_SIGN_STYLE = Automatic;
				CURRENT_PROJECT_VERSION = 1;
				GENERATE_INFOPLIST_FILE = YES;
				INFOPLIST_FILE = TheMovies/Info.plist;
				INFOPLIST_KEY_UIApplicationSupportsIndirectInputEvents = YES;
				INFOPLIST_KEY_UILaunchStoryboardName = LaunchScreen;
				INFOPLIST_KEY_UIMainStoryboardFile = Main;
				INFOPLIST_KEY_UISupportedInterfaceOrientations_iPad = "UIInterfaceOrientationPortrait UIInterfaceOrientationPortraitUpsideDown UIInterfaceOrientationLandscapeLeft UIInterfaceOrientationLandscapeRight";
				INFOPLIST_KEY_UISupportedInterfaceOrientations_iPhone = "UIInterfaceOrientationPortrait UIInterfaceOrientationLandscapeLeft UIInterfaceOrientationLandscapeRight";
				LD_RUNPATH_SEARCH_PATHS = (
					"$(inherited)",
					"@executable_path/Frameworks",
				);
				MARKETING_VERSION = 1.0;
				PRODUCT_BUNDLE_IDENTIFIER = com.emrizkiem.TheMovies;
				PRODUCT_NAME = "$(TARGET_NAME)";
				SWIFT_EMIT_LOC_STRINGS = YES;
				SWIFT_VERSION = 5.0;
				TARGETED_DEVICE_FAMILY = "1,2";
			};
			name = Debug;
		};
		36EFCD482D887DDB00767BBE /* Release */ = {
			isa = XCBuildConfiguration;
			baseConfigurationReference = AAD4F375B1CB23286CF56820 /* Pods-TheMovies.release.xcconfig */;
			buildSettings = {
				ASSETCATALOG_COMPILER_APPICON_NAME = AppIcon;
				ASSETCATALOG_COMPILER_GLOBAL_ACCENT_COLOR_NAME = AccentColor;
				CODE_SIGN_STYLE = Automatic;
				CURRENT_PROJECT_VERSION = 1;
				GENERATE_INFOPLIST_FILE = YES;
				INFOPLIST_FILE = TheMovies/Info.plist;
				INFOPLIST_KEY_UIApplicationSupportsIndirectInputEvents = YES;
				INFOPLIST_KEY_UILaunchStoryboardName = LaunchScreen;
				INFOPLIST_KEY_UIMainStoryboardFile = Main;
				INFOPLIST_KEY_UISupportedInterfaceOrientations_iPad = "UIInterfaceOrientationPortrait UIInterfaceOrientationPortraitUpsideDown UIInterfaceOrientationLandscapeLeft UIInterfaceOrientationLandscapeRight";
				INFOPLIST_KEY_UISupportedInterfaceOrientations_iPhone = "UIInterfaceOrientationPortrait UIInterfaceOrientationLandscapeLeft UIInterfaceOrientationLandscapeRight";
				LD_RUNPATH_SEARCH_PATHS = (
					"$(inherited)",
					"@executable_path/Frameworks",
				);
				MARKETING_VERSION = 1.0;
				PRODUCT_BUNDLE_IDENTIFIER = com.emrizkiem.TheMovies;
				PRODUCT_NAME = "$(TARGET_NAME)";
				SWIFT_EMIT_LOC_STRINGS = YES;
				SWIFT_VERSION = 5.0;
				TARGETED_DEVICE_FAMILY = "1,2";
			};
			name = Release;
		};
		36EFCD492D887DDB00767BBE /* Debug */ = {
			isa = XCBuildConfiguration;
			buildSettings = {
				ALWAYS_SEARCH_USER_PATHS = NO;
				ASSETCATALOG_COMPILER_GENERATE_SWIFT_ASSET_SYMBOL_EXTENSIONS = YES;
				CLANG_ANALYZER_NONNULL = YES;
				CLANG_ANALYZER_NUMBER_OBJECT_CONVERSION = YES_AGGRESSIVE;
				CLANG_CXX_LANGUAGE_STANDARD = "gnu++20";
				CLANG_ENABLE_MODULES = YES;
				CLANG_ENABLE_OBJC_ARC = YES;
				CLANG_ENABLE_OBJC_WEAK = YES;
				CLANG_WARN_BLOCK_CAPTURE_AUTORELEASING = YES;
				CLANG_WARN_BOOL_CONVERSION = YES;
				CLANG_WARN_COMMA = YES;
				CLANG_WARN_CONSTANT_CONVERSION = YES;
				CLANG_WARN_DEPRECATED_OBJC_IMPLEMENTATIONS = YES;
				CLANG_WARN_DIRECT_OBJC_ISA_USAGE = YES_ERROR;
				CLANG_WARN_DOCUMENTATION_COMMENTS = YES;
				CLANG_WARN_EMPTY_BODY = YES;
				CLANG_WARN_ENUM_CONVERSION = YES;
				CLANG_WARN_INFINITE_RECURSION = YES;
				CLANG_WARN_INT_CONVERSION = YES;
				CLANG_WARN_NON_LITERAL_NULL_CONVERSION = YES;
				CLANG_WARN_OBJC_IMPLICIT_RETAIN_SELF = YES;
				CLANG_WARN_OBJC_LITERAL_CONVERSION = YES;
				CLANG_WARN_OBJC_ROOT_CLASS = YES_ERROR;
				CLANG_WARN_QUOTED_INCLUDE_IN_FRAMEWORK_HEADER = YES;
				CLANG_WARN_RANGE_LOOP_ANALYSIS = YES;
				CLANG_WARN_STRICT_PROTOTYPES = YES;
				CLANG_WARN_SUSPICIOUS_MOVE = YES;
				CLANG_WARN_UNGUARDED_AVAILABILITY = YES_AGGRESSIVE;
				CLANG_WARN_UNREACHABLE_CODE = YES;
				CLANG_WARN__DUPLICATE_METHOD_MATCH = YES;
				COPY_PHASE_STRIP = NO;
				DEBUG_INFORMATION_FORMAT = dwarf;
				ENABLE_STRICT_OBJC_MSGSEND = YES;
				ENABLE_TESTABILITY = YES;
				ENABLE_USER_SCRIPT_SANDBOXING = YES;
				GCC_C_LANGUAGE_STANDARD = gnu17;
				GCC_DYNAMIC_NO_PIC = NO;
				GCC_NO_COMMON_BLOCKS = YES;
				GCC_OPTIMIZATION_LEVEL = 0;
				GCC_PREPROCESSOR_DEFINITIONS = (
					"DEBUG=1",
					"$(inherited)",
				);
				GCC_WARN_64_TO_32_BIT_CONVERSION = YES;
				GCC_WARN_ABOUT_RETURN_TYPE = YES_ERROR;
				GCC_WARN_UNDECLARED_SELECTOR = YES;
				GCC_WARN_UNINITIALIZED_AUTOS = YES_AGGRESSIVE;
				GCC_WARN_UNUSED_FUNCTION = YES;
				GCC_WARN_UNUSED_VARIABLE = YES;
				IPHONEOS_DEPLOYMENT_TARGET = 18.2;
				LOCALIZATION_PREFERS_STRING_CATALOGS = YES;
				MTL_ENABLE_DEBUG_INFO = INCLUDE_SOURCE;
				MTL_FAST_MATH = YES;
				ONLY_ACTIVE_ARCH = YES;
				SDKROOT = iphoneos;
				SWIFT_ACTIVE_COMPILATION_CONDITIONS = "DEBUG $(inherited)";
				SWIFT_OPTIMIZATION_LEVEL = "-Onone";
			};
			name = Debug;
		};
		36EFCD4A2D887DDB00767BBE /* Release */ = {
			isa = XCBuildConfiguration;
			buildSettings = {
				ALWAYS_SEARCH_USER_PATHS = NO;
				ASSETCATALOG_COMPILER_GENERATE_SWIFT_ASSET_SYMBOL_EXTENSIONS = YES;
				CLANG_ANALYZER_NONNULL = YES;
				CLANG_ANALYZER_NUMBER_OBJECT_CONVERSION = YES_AGGRESSIVE;
				CLANG_CXX_LANGUAGE_STANDARD = "gnu++20";
				CLANG_ENABLE_MODULES = YES;
				CLANG_ENABLE_OBJC_ARC = YES;
				CLANG_ENABLE_OBJC_WEAK = YES;
				CLANG_WARN_BLOCK_CAPTURE_AUTORELEASING = YES;
				CLANG_WARN_BOOL_CONVERSION = YES;
				CLANG_WARN_COMMA = YES;
				CLANG_WARN_CONSTANT_CONVERSION = YES;
				CLANG_WARN_DEPRECATED_OBJC_IMPLEMENTATIONS = YES;
				CLANG_WARN_DIRECT_OBJC_ISA_USAGE = YES_ERROR;
				CLANG_WARN_DOCUMENTATION_COMMENTS = YES;
				CLANG_WARN_EMPTY_BODY = YES;
				CLANG_WARN_ENUM_CONVERSION = YES;
				CLANG_WARN_INFINITE_RECURSION = YES;
				CLANG_WARN_INT_CONVERSION = YES;
				CLANG_WARN_NON_LITERAL_NULL_CONVERSION = YES;
				CLANG_WARN_OBJC_IMPLICIT_RETAIN_SELF = YES;
				CLANG_WARN_OBJC_LITERAL_CONVERSION = YES;
				CLANG_WARN_OBJC_ROOT_CLASS = YES_ERROR;
				CLANG_WARN_QUOTED_INCLUDE_IN_FRAMEWORK_HEADER = YES;
				CLANG_WARN_RANGE_LOOP_ANALYSIS = YES;
				CLANG_WARN_STRICT_PROTOTYPES = YES;
				CLANG_WARN_SUSPICIOUS_MOVE = YES;
				CLANG_WARN_UNGUARDED_AVAILABILITY = YES_AGGRESSIVE;
				CLANG_WARN_UNREACHABLE_CODE = YES;
				CLANG_WARN__DUPLICATE_METHOD_MATCH = YES;
				COPY_PHASE_STRIP = NO;
				DEBUG_INFORMATION_FORMAT = "dwarf-with-dsym";
				ENABLE_NS_ASSERTIONS = NO;
				ENABLE_STRICT_OBJC_MSGSEND = YES;
				ENABLE_USER_SCRIPT_SANDBOXING = YES;
				GCC_C_LANGUAGE_STANDARD = gnu17;
				GCC_NO_COMMON_BLOCKS = YES;
				GCC_WARN_64_TO_32_BIT_CONVERSION = YES;
				GCC_WARN_ABOUT_RETURN_TYPE = YES_ERROR;
				GCC_WARN_UNDECLARED_SELECTOR = YES;
				GCC_WARN_UNINITIALIZED_AUTOS = YES_AGGRESSIVE;
				GCC_WARN_UNUSED_FUNCTION = YES;
				GCC_WARN_UNUSED_VARIABLE = YES;
				IPHONEOS_DEPLOYMENT_TARGET = 18.2;
				LOCALIZATION_PREFERS_STRING_CATALOGS = YES;
				MTL_ENABLE_DEBUG_INFO = NO;
				MTL_FAST_MATH = YES;
				SDKROOT = iphoneos;
				SWIFT_COMPILATION_MODE = wholemodule;
				VALIDATE_PRODUCT = YES;
			};
			name = Release;
		};
		36EFCD4C2D887DDB00767BBE /* Debug */ = {
			isa = XCBuildConfiguration;
			baseConfigurationReference = 69B0DC5AF653470D19D97DF2 /* Pods-TheMoviesTests.debug.xcconfig */;
			buildSettings = {
				BUNDLE_LOADER = "$(TEST_HOST)";
				CODE_SIGN_STYLE = Automatic;
				CURRENT_PROJECT_VERSION = 1;
				GENERATE_INFOPLIST_FILE = YES;
				IPHONEOS_DEPLOYMENT_TARGET = 18.2;
				MARKETING_VERSION = 1.0;
				PRODUCT_BUNDLE_IDENTIFIER = com.emrizkiem.TheMoviesTests;
				PRODUCT_NAME = "$(TARGET_NAME)";
				SWIFT_EMIT_LOC_STRINGS = NO;
				SWIFT_VERSION = 5.0;
				TARGETED_DEVICE_FAMILY = "1,2";
				TEST_HOST = "$(BUILT_PRODUCTS_DIR)/TheMovies.app/$(BUNDLE_EXECUTABLE_FOLDER_PATH)/TheMovies";
			};
			name = Debug;
		};
		36EFCD4D2D887DDB00767BBE /* Release */ = {
			isa = XCBuildConfiguration;
			baseConfigurationReference = 4B28A32BEDF1D20640A37047 /* Pods-TheMoviesTests.release.xcconfig */;
			buildSettings = {
				BUNDLE_LOADER = "$(TEST_HOST)";
				CODE_SIGN_STYLE = Automatic;
				CURRENT_PROJECT_VERSION = 1;
				GENERATE_INFOPLIST_FILE = YES;
				IPHONEOS_DEPLOYMENT_TARGET = 18.2;
				MARKETING_VERSION = 1.0;
				PRODUCT_BUNDLE_IDENTIFIER = com.emrizkiem.TheMoviesTests;
				PRODUCT_NAME = "$(TARGET_NAME)";
				SWIFT_EMIT_LOC_STRINGS = NO;
				SWIFT_VERSION = 5.0;
				TARGETED_DEVICE_FAMILY = "1,2";
				TEST_HOST = "$(BUILT_PRODUCTS_DIR)/TheMovies.app/$(BUNDLE_EXECUTABLE_FOLDER_PATH)/TheMovies";
			};
			name = Release;
		};
		36EFCD4F2D887DDB00767BBE /* Debug */ = {
			isa = XCBuildConfiguration;
			baseConfigurationReference = 212540BB4352E534DBF8047F /* Pods-TheMovies-TheMoviesUITests.debug.xcconfig */;
			buildSettings = {
				CODE_SIGN_STYLE = Automatic;
				CURRENT_PROJECT_VERSION = 1;
				GENERATE_INFOPLIST_FILE = YES;
				MARKETING_VERSION = 1.0;
				PRODUCT_BUNDLE_IDENTIFIER = com.emrizkiem.TheMoviesUITests;
				PRODUCT_NAME = "$(TARGET_NAME)";
				SWIFT_EMIT_LOC_STRINGS = NO;
				SWIFT_VERSION = 5.0;
				TARGETED_DEVICE_FAMILY = "1,2";
				TEST_TARGET_NAME = TheMovies;
			};
			name = Debug;
		};
		36EFCD502D887DDB00767BBE /* Release */ = {
			isa = XCBuildConfiguration;
			baseConfigurationReference = 2751D4AA9EABE9F11E8AA4CD /* Pods-TheMovies-TheMoviesUITests.release.xcconfig */;
			buildSettings = {
				CODE_SIGN_STYLE = Automatic;
				CURRENT_PROJECT_VERSION = 1;
				GENERATE_INFOPLIST_FILE = YES;
				MARKETING_VERSION = 1.0;
				PRODUCT_BUNDLE_IDENTIFIER = com.emrizkiem.TheMoviesUITests;
				PRODUCT_NAME = "$(TARGET_NAME)";
				SWIFT_EMIT_LOC_STRINGS = NO;
				SWIFT_VERSION = 5.0;
				TARGETED_DEVICE_FAMILY = "1,2";
				TEST_TARGET_NAME = TheMovies;
			};
			name = Release;
		};
/* End XCBuildConfiguration section */

/* Begin XCConfigurationList section */
		36EFCD182D887DD900767BBE /* Build configuration list for PBXProject "TheMovies" */ = {
			isa = XCConfigurationList;
			buildConfigurations = (
				36EFCD492D887DDB00767BBE /* Debug */,
				36EFCD4A2D887DDB00767BBE /* Release */,
			);
			defaultConfigurationIsVisible = 0;
			defaultConfigurationName = Release;
		};
		36EFCD462D887DDB00767BBE /* Build configuration list for PBXNativeTarget "TheMovies" */ = {
			isa = XCConfigurationList;
			buildConfigurations = (
				36EFCD472D887DDB00767BBE /* Debug */,
				36EFCD482D887DDB00767BBE /* Release */,
			);
			defaultConfigurationIsVisible = 0;
			defaultConfigurationName = Release;
		};
		36EFCD4B2D887DDB00767BBE /* Build configuration list for PBXNativeTarget "TheMoviesTests" */ = {
			isa = XCConfigurationList;
			buildConfigurations = (
				36EFCD4C2D887DDB00767BBE /* Debug */,
				36EFCD4D2D887DDB00767BBE /* Release */,
			);
			defaultConfigurationIsVisible = 0;
			defaultConfigurationName = Release;
		};
		36EFCD4E2D887DDB00767BBE /* Build configuration list for PBXNativeTarget "TheMoviesUITests" */ = {
			isa = XCConfigurationList;
			buildConfigurations = (
				36EFCD4F2D887DDB00767BBE /* Debug */,
				36EFCD502D887DDB00767BBE /* Release */,
			);
			defaultConfigurationIsVisible = 0;
			defaultConfigurationName = Release;
		};
/* End XCConfigurationList section */
	};
	rootObject = 36EFCD152D887DD900767BBE /* Project object */;
}
